{
  "name": "semiskilled",
  "version": "0.1.0",
  "lockfileVersion": 3,
  "requires": true,
  "packages": {
    "": {
      "name": "semiskilled",
      "version": "0.1.0",
      "dependencies": {
        "@juicesharp/rpiv-args": "^1.20.0",
        "typebox": "^1.3.0"
      },
      "engines": {
        "node": ">=20.6.0"
      },
      "peerDependencies": {
        "@earendil-works/pi-coding-agent": "*"
      }
    },
    "node_modules/@juicesharp/rpiv-args": {
      "version": "1.20.0",
      "resolved": "https://registry.npmjs.org/@juicesharp/rpiv-args/-/rpiv-args-1.20.0.tgz",
      "integrity": "sha512-8ozlwp1HkbB56VWN5aFjiHsb9Xo5PCyCakraZdzUc/AqVaxyx8XH4htpIiHi40SZ0fB68GD9aScaEHkaf9CjFw==",
      "license": "MIT",
      "peerDependencies": {
        "@earendil-works/pi-coding-agent": "*"
      }
    },
    "node_modules/typebox": {
      "version": "1.3.0",
      "resolved": "https://registry.npmjs.org/typebox/-/typebox-1.3.0.tgz",
      "integrity": "sha512-3HaX5iZ13wSzcLSflDH1UJwaXnRghtc8LhQtKnq8qnlcnZvmGOpBOM6rY9PdyPBKNOYBpDHfE9r6BmI41fvp4g==",
      "license": "MIT"
    }
  }
}
